
Microsoft Visual Studio Solution File, Format Version 12.00
# Visual Studio Version 17
VisualStudioVersion = 17.4.33205.214
MinimumVisualStudioVersion = 10.0.40219.1
Project("{9A19103F-16F7-4668-BE54-9A1E7A4F7556}") = "Asynts.Recall.Backend.Test", "Asynts.Recall.Backend.Test\Asynts.Recall.Backend.Test.csproj", "{2C333125-81DE-4CD9-96DA-E8656B5E1389}"
EndProject
Project("{9A19103F-16F7-4668-BE54-9A1E7A4F7556}") = "Asynts.Recall.Frontend", "Asynts.Recall.Frontend\Asynts.Recall.Frontend.csproj", "{1D1249FA-1761-4686-99A1-5CF8DA3918C6}"
EndProject
Project("{FAE04EC0-301F-11D3-BF4B-00C04F79EFBC}") = "Asynts.Recall.Backend", "Asynts.Recall.Backend\Asynts.Recall.Backend.csproj", "{A4B66E48-5C8E-48B9-8EF7-643E679C3A73}"
EndProject
Project("{2150E333-8FDC-42A3-9474-1A3956D46DE8}") = "Solution Items", "Solution Items", "{B699974A-A27B-4FDF-A44D-213F8B57E519}"
	ProjectSection(SolutionItems) = preProject
		0001_di-with-xaml-using-dependency-property.md = 0001_di-with-xaml-using-dependency-property.md
	EndProjectSection
EndProject
Global
	GlobalSection(SolutionConfigurationPlatforms) = preSolution
		Debug|Any CPU = Debug|Any CPU
		Release|Any CPU = Release|Any CPU
	EndGlobalSection
	GlobalSection(ProjectConfigurationPlatforms) = postSolution
		{2C333125-81DE-4CD9-96DA-E8656B5E1389}.Debug|Any CPU.ActiveCfg = Debug|Any CPU
		{2C333125-81DE-4CD9-96DA-E8656B5E1389}.Debug|Any CPU.Build.0 = Debug|Any CPU
		{2C333125-81DE-4CD9-96DA-E8656B5E1389}.Release|Any CPU.ActiveCfg = Release|Any CPU
		{2C333125-81DE-4CD9-96DA-E8656B5E1389}.Release|Any CPU.Build.0 = Release|Any CPU
		{1D1249FA-1761-4686-99A1-5CF8DA3918C6}.Debug|Any CPU.ActiveCfg = Debug|Any CPU
		{1D1249FA-1761-4686-99A1-5CF8DA3918C6}.Debug|Any CPU.Build.0 = Debug|Any CPU
		{1D1249FA-1761-4686-99A1-5CF8DA3918C6}.Release|Any CPU.ActiveCfg = Release|Any CPU
		{1D1249FA-1761-4686-99A1-5CF8DA3918C6}.Release|Any CPU.Build.0 = Release|Any CPU
		{A4B66E48-5C8E-48B9-8EF7-643E679C3A73}.Debug|Any CPU.ActiveCfg = Debug|Any CPU
		{A4B66E48-5C8E-48B9-8EF7-643E679C3A73}.Debug|Any CPU.Build.0 = Debug|Any CPU
		{A4B66E48-5C8E-48B9-8EF7-643E679C3A73}.Release|Any CPU.ActiveCfg = Release|Any CPU
		{A4B66E48-5C8E-48B9-8EF7-643E679C3A73}.Release|Any CPU.Build.0 = Release|Any CPU
	EndGlobalSection
	GlobalSection(SolutionProperties) = preSolution
		HideSolutionNode = FALSE
	EndGlobalSection
	GlobalSection(ExtensibilityGlobals) = postSolution
		SolutionGuid = {594D4F6A-E017-4543-B8EC-3A32998D4FA9}
	EndGlobalSection
EndGlobal
